
Microsoft Visual Studio Solution File, Format Version 12.00
# Visual Studio Version 17
VisualStudioVersion = 17.3.32819.101
MinimumVisualStudioVersion = 10.0.40219.1
Project("{54A90642-561A-4BB1-A94E-469ADEE60C69}") = "reactproject1", "reactproject1\reactproject1.esproj", "{D4E04A25-8489-40C1-9787-B7FF18345F89}"
EndProject
Project("{FAE04EC0-301F-11D3-BF4B-00C04F79EFBC}") = "WebApi", "WebApi\WebApi.csproj", "{3EA0B01F-59A8-482F-81AD-7FFB0ACEA049}"
EndProject
Global
	GlobalSection(SolutionConfigurationPlatforms) = preSolution
		Debug|Any CPU = Debug|Any CPU
		Release|Any CPU = Release|Any CPU
	EndGlobalSection
	GlobalSection(ProjectConfigurationPlatforms) = postSolution
		{D4E04A25-8489-40C1-9787-B7FF18345F89}.Debug|Any CPU.ActiveCfg = Debug|Any CPU
		{D4E04A25-8489-40C1-9787-B7FF18345F89}.Debug|Any CPU.Build.0 = Debug|Any CPU
		{D4E04A25-8489-40C1-9787-B7FF18345F89}.Debug|Any CPU.Deploy.0 = Debug|Any CPU
		{D4E04A25-8489-40C1-9787-B7FF18345F89}.Release|Any CPU.ActiveCfg = Release|Any CPU
		{D4E04A25-8489-40C1-9787-B7FF18345F89}.Release|Any CPU.Build.0 = Release|Any CPU
		{D4E04A25-8489-40C1-9787-B7FF18345F89}.Release|Any CPU.Deploy.0 = Release|Any CPU
		{3EA0B01F-59A8-482F-81AD-7FFB0ACEA049}.Debug|Any CPU.ActiveCfg = Debug|Any CPU
		{3EA0B01F-59A8-482F-81AD-7FFB0ACEA049}.Debug|Any CPU.Build.0 = Debug|Any CPU
		{3EA0B01F-59A8-482F-81AD-7FFB0ACEA049}.Release|Any CPU.ActiveCfg = Release|Any CPU
		{3EA0B01F-59A8-482F-81AD-7FFB0ACEA049}.Release|Any CPU.Build.0 = Release|Any CPU
	EndGlobalSection
	GlobalSection(SolutionProperties) = preSolution
		HideSolutionNode = FALSE
	EndGlobalSection
	GlobalSection(ExtensibilityGlobals) = postSolution
		SolutionGuid = {84D114CB-0A70-4E75-885F-2826A9E3DA0A}
	EndGlobalSection
EndGlobal
